
Microsoft Visual Studio Solution File, Format Version 12.00
# Visual Studio 2012
Project("{FAE04EC0-301F-11D3-BF4B-00C04F79EFBC}") = "TodoList", "TodoList.csproj", "{88BC215C-6DDD-4558-8ADF-55837FC9A5B3}"
EndProject
Project("{FAE04EC0-301F-11D3-BF4B-00C04F79EFBC}") = "TodoList.UITests", "TodoList.UITests\TodoList.UITests.csproj", "{2A304417-1D1E-426A-9C0E-CC7ACB180AF2}"
EndProject
Global
	GlobalSection(SolutionConfigurationPlatforms) = preSolution
		Debug|Any CPU = Debug|Any CPU
		Release|Any CPU = Release|Any CPU
	EndGlobalSection
	GlobalSection(ProjectConfigurationPlatforms) = postSolution
		{2A304417-1D1E-426A-9C0E-CC7ACB180AF2}.Debug|Any CPU.ActiveCfg = Debug|Any CPU
		{2A304417-1D1E-426A-9C0E-CC7ACB180AF2}.Debug|Any CPU.Build.0 = Debug|Any CPU
		{2A304417-1D1E-426A-9C0E-CC7ACB180AF2}.Release|Any CPU.ActiveCfg = Release|Any CPU
		{2A304417-1D1E-426A-9C0E-CC7ACB180AF2}.Release|Any CPU.Build.0 = Release|Any CPU
		{88BC215C-6DDD-4558-8ADF-55837FC9A5B3}.Debug|Any CPU.ActiveCfg = Debug|Any CPU
		{88BC215C-6DDD-4558-8ADF-55837FC9A5B3}.Debug|Any CPU.Build.0 = Debug|Any CPU
		{88BC215C-6DDD-4558-8ADF-55837FC9A5B3}.Release|Any CPU.ActiveCfg = Release|Any CPU
		{88BC215C-6DDD-4558-8ADF-55837FC9A5B3}.Release|Any CPU.Build.0 = Release|Any CPU
	EndGlobalSection
EndGlobal
